
Microsoft Visual Studio Solution File, Format Version 12.00
# Visual Studio Version 17
VisualStudioVersion = 17.8.34316.72
MinimumVisualStudioVersion = 10.0.40219.1
Project("{9A19103F-16F7-4668-BE54-9A1E7A4F7556}") = "AOC2024.1", "AOC2024.1\AOC2024.1.csproj", "{4A3AA4FE-85FF-444F-A0CE-D843190E8654}"
EndProject
Project("{FAE04EC0-301F-11D3-BF4B-00C04F79EFBC}") = "AOC2024.2", "AOC2024.2\AOC2024.2.csproj", "{336C254A-EB55-42A4-8E6E-75DEBCD80D03}"
EndProject
Project("{FAE04EC0-301F-11D3-BF4B-00C04F79EFBC}") = "AOC2024.3", "AOC2024.3\AOC2024.3.csproj", "{432B1116-A9C2-477E-8F5A-8146B34C0F90}"
EndProject
Project("{FAE04EC0-301F-11D3-BF4B-00C04F79EFBC}") = "AOC2024.4", "AOC2024.4\AOC2024.4.csproj", "{4AA8F81F-AC4A-449D-A69E-BBBFC0E0110E}"
EndProject
Project("{FAE04EC0-301F-11D3-BF4B-00C04F79EFBC}") = "AOC2024.5", "AOC2024.5\AOC2024.5.csproj", "{DE93CA8F-4504-429D-A9DD-F2FFBE064946}"
EndProject
Project("{FAE04EC0-301F-11D3-BF4B-00C04F79EFBC}") = "AOC2024.6", "AOC2024.6\AOC2024.6.csproj", "{07340DB2-5E86-45B9-B792-40132A557404}"
EndProject
Project("{FAE04EC0-301F-11D3-BF4B-00C04F79EFBC}") = "AOC2024.7", "AOC2024.7\AOC2024.7.csproj", "{717D7633-F955-476C-B0F2-F870888E0DE9}"
EndProject
Project("{FAE04EC0-301F-11D3-BF4B-00C04F79EFBC}") = "AOC2024.8", "AOC2024.8\AOC2024.8.csproj", "{BEA1A676-6639-4AF8-99C9-AF091F301DCB}"
EndProject
Project("{FAE04EC0-301F-11D3-BF4B-00C04F79EFBC}") = "Shared", "Shared\Shared.csproj", "{FFA94ED6-37CA-45B6-8DF3-F4181497EC49}"
EndProject
Project("{FAE04EC0-301F-11D3-BF4B-00C04F79EFBC}") = "AOC2024.9", "AOC2024.9\AOC2024.9.csproj", "{FEC7CE32-9670-420A-BB7C-474AE5199464}"
EndProject
Global
	GlobalSection(SolutionConfigurationPlatforms) = preSolution
		Debug|Any CPU = Debug|Any CPU
		Release|Any CPU = Release|Any CPU
	EndGlobalSection
	GlobalSection(ProjectConfigurationPlatforms) = postSolution
		{4A3AA4FE-85FF-444F-A0CE-D843190E8654}.Debug|Any CPU.ActiveCfg = Debug|Any CPU
		{4A3AA4FE-85FF-444F-A0CE-D843190E8654}.Debug|Any CPU.Build.0 = Debug|Any CPU
		{4A3AA4FE-85FF-444F-A0CE-D843190E8654}.Release|Any CPU.ActiveCfg = Release|Any CPU
		{4A3AA4FE-85FF-444F-A0CE-D843190E8654}.Release|Any CPU.Build.0 = Release|Any CPU
		{336C254A-EB55-42A4-8E6E-75DEBCD80D03}.Debug|Any CPU.ActiveCfg = Debug|Any CPU
		{336C254A-EB55-42A4-8E6E-75DEBCD80D03}.Debug|Any CPU.Build.0 = Debug|Any CPU
		{336C254A-EB55-42A4-8E6E-75DEBCD80D03}.Release|Any CPU.ActiveCfg = Release|Any CPU
		{336C254A-EB55-42A4-8E6E-75DEBCD80D03}.Release|Any CPU.Build.0 = Release|Any CPU
		{432B1116-A9C2-477E-8F5A-8146B34C0F90}.Debug|Any CPU.ActiveCfg = Debug|Any CPU
		{432B1116-A9C2-477E-8F5A-8146B34C0F90}.Debug|Any CPU.Build.0 = Debug|Any CPU
		{432B1116-A9C2-477E-8F5A-8146B34C0F90}.Release|Any CPU.ActiveCfg = Release|Any CPU
		{432B1116-A9C2-477E-8F5A-8146B34C0F90}.Release|Any CPU.Build.0 = Release|Any CPU
		{4AA8F81F-AC4A-449D-A69E-BBBFC0E0110E}.Debug|Any CPU.ActiveCfg = Debug|Any CPU
		{4AA8F81F-AC4A-449D-A69E-BBBFC0E0110E}.Debug|Any CPU.Build.0 = Debug|Any CPU
		{4AA8F81F-AC4A-449D-A69E-BBBFC0E0110E}.Release|Any CPU.ActiveCfg = Release|Any CPU
		{4AA8F81F-AC4A-449D-A69E-BBBFC0E0110E}.Release|Any CPU.Build.0 = Release|Any CPU
		{DE93CA8F-4504-429D-A9DD-F2FFBE064946}.Debug|Any CPU.ActiveCfg = Debug|Any CPU
		{DE93CA8F-4504-429D-A9DD-F2FFBE064946}.Debug|Any CPU.Build.0 = Debug|Any CPU
		{DE93CA8F-4504-429D-A9DD-F2FFBE064946}.Release|Any CPU.ActiveCfg = Release|Any CPU
		{DE93CA8F-4504-429D-A9DD-F2FFBE064946}.Release|Any CPU.Build.0 = Release|Any CPU
		{07340DB2-5E86-45B9-B792-40132A557404}.Debug|Any CPU.ActiveCfg = Debug|Any CPU
		{07340DB2-5E86-45B9-B792-40132A557404}.Debug|Any CPU.Build.0 = Debug|Any CPU
		{07340DB2-5E86-45B9-B792-40132A557404}.Release|Any CPU.ActiveCfg = Release|Any CPU
		{07340DB2-5E86-45B9-B792-40132A557404}.Release|Any CPU.Build.0 = Release|Any CPU
		{717D7633-F955-476C-B0F2-F870888E0DE9}.Debug|Any CPU.ActiveCfg = Debug|Any CPU
		{717D7633-F955-476C-B0F2-F870888E0DE9}.Debug|Any CPU.Build.0 = Debug|Any CPU
		{717D7633-F955-476C-B0F2-F870888E0DE9}.Release|Any CPU.ActiveCfg = Release|Any CPU
		{717D7633-F955-476C-B0F2-F870888E0DE9}.Release|Any CPU.Build.0 = Release|Any CPU
		{BEA1A676-6639-4AF8-99C9-AF091F301DCB}.Debug|Any CPU.ActiveCfg = Debug|Any CPU
		{BEA1A676-6639-4AF8-99C9-AF091F301DCB}.Debug|Any CPU.Build.0 = Debug|Any CPU
		{BEA1A676-6639-4AF8-99C9-AF091F301DCB}.Release|Any CPU.ActiveCfg = Release|Any CPU
		{BEA1A676-6639-4AF8-99C9-AF091F301DCB}.Release|Any CPU.Build.0 = Release|Any CPU
		{FFA94ED6-37CA-45B6-8DF3-F4181497EC49}.Debug|Any CPU.ActiveCfg = Debug|Any CPU
		{FFA94ED6-37CA-45B6-8DF3-F4181497EC49}.Debug|Any CPU.Build.0 = Debug|Any CPU
		{FFA94ED6-37CA-45B6-8DF3-F4181497EC49}.Release|Any CPU.ActiveCfg = Release|Any CPU
		{FFA94ED6-37CA-45B6-8DF3-F4181497EC49}.Release|Any CPU.Build.0 = Release|Any CPU
		{FEC7CE32-9670-420A-BB7C-474AE5199464}.Debug|Any CPU.ActiveCfg = Debug|Any CPU
		{FEC7CE32-9670-420A-BB7C-474AE5199464}.Debug|Any CPU.Build.0 = Debug|Any CPU
		{FEC7CE32-9670-420A-BB7C-474AE5199464}.Release|Any CPU.ActiveCfg = Release|Any CPU
		{FEC7CE32-9670-420A-BB7C-474AE5199464}.Release|Any CPU.Build.0 = Release|Any CPU
	EndGlobalSection
	GlobalSection(SolutionProperties) = preSolution
		HideSolutionNode = FALSE
	EndGlobalSection
	GlobalSection(ExtensibilityGlobals) = postSolution
		SolutionGuid = {78461232-52CE-438F-AE4D-86360DB279DE}
	EndGlobalSection
EndGlobal
